
Microsoft Visual Studio Solution File, Format Version 12.00
# Visual Studio Version 17
VisualStudioVersion = 17.3.32901.215
MinimumVisualStudioVersion = 10.0.40219.1
Project("{FAE04EC0-301F-11D3-BF4B-00C04F79EFBC}") = "ConversaoDeTemperatura", "ConversaoDeTemperatura.csproj", "{75532E28-B5B6-4CFA-9392-4974F6C0820E}"
EndProject
Global
	GlobalSection(SolutionConfigurationPlatforms) = preSolution
		Debug|Any CPU = Debug|Any CPU
		Release|Any CPU = Release|Any CPU
	EndGlobalSection
	GlobalSection(ProjectConfigurationPlatforms) = postSolution
		{75532E28-B5B6-4CFA-9392-4974F6C0820E}.Debug|Any CPU.ActiveCfg = Debug|Any CPU
		{75532E28-B5B6-4CFA-9392-4974F6C0820E}.Debug|Any CPU.Build.0 = Debug|Any CPU
		{75532E28-B5B6-4CFA-9392-4974F6C0820E}.Release|Any CPU.ActiveCfg = Release|Any CPU
		{75532E28-B5B6-4CFA-9392-4974F6C0820E}.Release|Any CPU.Build.0 = Release|Any CPU
	EndGlobalSection
	GlobalSection(SolutionProperties) = preSolution
		HideSolutionNode = FALSE
	EndGlobalSection
	GlobalSection(ExtensibilityGlobals) = postSolution
		SolutionGuid = {AF86F9E6-E0E4-4DB5-9A75-8B6961BE80E2}
	EndGlobalSection
EndGlobal
